
Microsoft Visual Studio Solution File, Format Version 12.00
# Visual Studio Version 17
VisualStudioVersion = 17.4.33213.308
MinimumVisualStudioVersion = 10.0.40219.1
Project("{FAE04EC0-301F-11D3-BF4B-00C04F79EFBC}") = "eshopbe", "eshopbe\eshopbe.csproj", "{87DE5DA5-ED16-42E6-B30C-6987ACEC86E8}"
EndProject
Global
	GlobalSection(SolutionConfigurationPlatforms) = preSolution
		Debug|Any CPU = Debug|Any CPU
		Release|Any CPU = Release|Any CPU
	EndGlobalSection
	GlobalSection(ProjectConfigurationPlatforms) = postSolution
		{87DE5DA5-ED16-42E6-B30C-6987ACEC86E8}.Debug|Any CPU.ActiveCfg = Debug|Any CPU
		{87DE5DA5-ED16-42E6-B30C-6987ACEC86E8}.Debug|Any CPU.Build.0 = Debug|Any CPU
		{87DE5DA5-ED16-42E6-B30C-6987ACEC86E8}.Release|Any CPU.ActiveCfg = Release|Any CPU
		{87DE5DA5-ED16-42E6-B30C-6987ACEC86E8}.Release|Any CPU.Build.0 = Release|Any CPU
	EndGlobalSection
	GlobalSection(SolutionProperties) = preSolution
		HideSolutionNode = FALSE
	EndGlobalSection
	GlobalSection(ExtensibilityGlobals) = postSolution
		SolutionGuid = {ABA5EC90-F7CD-47F7-A069-9C4B4A60B2DB}
	EndGlobalSection
EndGlobal
